
Microsoft Visual Studio Solution File, Format Version 12.00
# Visual Studio Version 16
VisualStudioVersion = 16.0.30804.86
MinimumVisualStudioVersion = 10.0.40219.1
Project("{2150E333-8FDC-42A3-9474-1A3956D46DE8}") = "Services", "Services", "{51399B1E-8515-447B-A49C-894834286070}"
EndProject
Project("{2150E333-8FDC-42A3-9474-1A3956D46DE8}") = "Catalog", "Catalog", "{6DAEC1E0-317C-40DE-BDB5-8F188A73AE5E}"
EndProject
Project("{9A19103F-16F7-4668-BE54-9A1E7A4F7556}") = "Catalog.API", "Service\Catalog\Catalog.API\Catalog.API.csproj", "{0F05169E-9A0D-4BD2-8515-0B2BF5DE268B}"
EndProject
Project("{E53339B2-1760-4266-BCC7-CA923CBCF16C}") = "docker-compose", "docker-compose.dcproj", "{762962FD-13A8-488E-9DFD-AABD330F1BCD}"
EndProject
Project("{2150E333-8FDC-42A3-9474-1A3956D46DE8}") = "Basket", "Basket", "{3B1F69AE-5534-49AC-A7CD-7E9D3107D72A}"
EndProject
Project("{9A19103F-16F7-4668-BE54-9A1E7A4F7556}") = "Basket.API", "Service\Basket\Basket.API\Basket.API.csproj", "{20E211BE-7494-41FF-B012-1FA207AF6DD6}"
EndProject
Project("{2150E333-8FDC-42A3-9474-1A3956D46DE8}") = "Discount", "Discount", "{CA756C1D-B6D9-4300-A558-0971ACF8513A}"
EndProject
Project("{9A19103F-16F7-4668-BE54-9A1E7A4F7556}") = "Discount.API", "Service\Discount\Discount.API\Discount.API.csproj", "{A0F6AC4D-9FE3-4046-A1FF-B90DEA78ACD1}"
EndProject
Project("{9A19103F-16F7-4668-BE54-9A1E7A4F7556}") = "Discount.Grpc", "Service\Discount\Discount.Grpc\Discount.Grpc.csproj", "{74314D53-E5B9-44BE-9777-BE283F68B7ED}"
EndProject
Project("{2150E333-8FDC-42A3-9474-1A3956D46DE8}") = "Ordering", "Ordering", "{195F1EC9-B1CB-4B8B-96F4-C125FA834A25}"
EndProject
Project("{9A19103F-16F7-4668-BE54-9A1E7A4F7556}") = "Ordering.API", "Service\Ordering\Ordering.API\Ordering.API.csproj", "{FE372AAF-41C5-4234-BFB9-55E9D91324F4}"
EndProject
Project("{9A19103F-16F7-4668-BE54-9A1E7A4F7556}") = "Ordering.Domain", "Service\Ordering\Ordering.Domain\Ordering.Domain.csproj", "{27FA0210-D9C8-4A6D-A7EF-8407A357AEB5}"
EndProject
Project("{9A19103F-16F7-4668-BE54-9A1E7A4F7556}") = "Ordering.Application", "Service\Ordering\Ordering.Application\Ordering.Application.csproj", "{72FC8FD8-0299-4301-AB41-AAA73B41F0D3}"
EndProject
Project("{9A19103F-16F7-4668-BE54-9A1E7A4F7556}") = "Ordering.Infrastructure", "Service\Ordering\Ordering.Infrastructure\Ordering.Infrastructure.csproj", "{C26A6496-7F2C-445D-8789-2BD2A81A06DB}"
EndProject
Project("{2150E333-8FDC-42A3-9474-1A3956D46DE8}") = "BuildingBlocks", "BuildingBlocks", "{9404B6AD-555F-4B73-BF73-9D1740468203}"
EndProject
Project("{2150E333-8FDC-42A3-9474-1A3956D46DE8}") = "WebApps", "WebApps", "{1492DD54-8223-4985-B6DB-8CA6A5839C8F}"
EndProject
Project("{2150E333-8FDC-42A3-9474-1A3956D46DE8}") = "ApiGateways", "ApiGateways", "{E2C2FF5B-4AC7-40FC-826E-E8185DD27BDF}"
EndProject
Project("{9A19103F-16F7-4668-BE54-9A1E7A4F7556}") = "EventBus.Messages", "BuildingBlocks\EventBus.Messages\EventBus.Messages.csproj", "{C0917C34-45AA-403B-A7D9-963E8D061094}"
EndProject
Project("{9A19103F-16F7-4668-BE54-9A1E7A4F7556}") = "OcelotApiGW", "ApiGateways\OcelotApiGW\OcelotApiGW.csproj", "{AC05B019-A374-4999-B89D-BDD1F1269396}"
EndProject
Project("{9A19103F-16F7-4668-BE54-9A1E7A4F7556}") = "Shopping.Aggregator", "ApiGateways\Shopping.Aggregator\Shopping.Aggregator.csproj", "{F4D143F9-7596-491C-8C58-BC1FADE85749}"
EndProject
Project("{2150E333-8FDC-42A3-9474-1A3956D46DE8}") = "Idntity", "Idntity", "{3AEA690E-F81A-435D-BC3E-058113299382}"
EndProject
Project("{9A19103F-16F7-4668-BE54-9A1E7A4F7556}") = "Identity.Server", "Service\Identity\Identity.Server\Identity.Server.csproj", "{BB0536F9-5CEF-49EC-855A-D4CAB6439579}"
EndProject
Project("{9A19103F-16F7-4668-BE54-9A1E7A4F7556}") = "AspnetRunBasics", "WebApps\AspnetRunBasics\AspnetRunBasics.csproj", "{D59004BD-CE16-4E3C-9BAB-B066B06A9432}"
EndProject
Project("{FAE04EC0-301F-11D3-BF4B-00C04F79EFBC}") = "Common.Logging", "BuildingBlocks\Common.Logging\Common.Logging.csproj", "{95BC637B-9CAE-4CA8-90E6-37601355F617}"
EndProject
Global
	GlobalSection(SolutionConfigurationPlatforms) = preSolution
		Debug|Any CPU = Debug|Any CPU
		Release|Any CPU = Release|Any CPU
	EndGlobalSection
	GlobalSection(ProjectConfigurationPlatforms) = postSolution
		{0F05169E-9A0D-4BD2-8515-0B2BF5DE268B}.Debug|Any CPU.ActiveCfg = Debug|Any CPU
		{0F05169E-9A0D-4BD2-8515-0B2BF5DE268B}.Debug|Any CPU.Build.0 = Debug|Any CPU
		{0F05169E-9A0D-4BD2-8515-0B2BF5DE268B}.Release|Any CPU.ActiveCfg = Release|Any CPU
		{0F05169E-9A0D-4BD2-8515-0B2BF5DE268B}.Release|Any CPU.Build.0 = Release|Any CPU
		{762962FD-13A8-488E-9DFD-AABD330F1BCD}.Debug|Any CPU.ActiveCfg = Debug|Any CPU
		{762962FD-13A8-488E-9DFD-AABD330F1BCD}.Debug|Any CPU.Build.0 = Debug|Any CPU
		{762962FD-13A8-488E-9DFD-AABD330F1BCD}.Release|Any CPU.ActiveCfg = Release|Any CPU
		{762962FD-13A8-488E-9DFD-AABD330F1BCD}.Release|Any CPU.Build.0 = Release|Any CPU
		{20E211BE-7494-41FF-B012-1FA207AF6DD6}.Debug|Any CPU.ActiveCfg = Debug|Any CPU
		{20E211BE-7494-41FF-B012-1FA207AF6DD6}.Debug|Any CPU.Build.0 = Debug|Any CPU
		{20E211BE-7494-41FF-B012-1FA207AF6DD6}.Release|Any CPU.ActiveCfg = Release|Any CPU
		{20E211BE-7494-41FF-B012-1FA207AF6DD6}.Release|Any CPU.Build.0 = Release|Any CPU
		{A0F6AC4D-9FE3-4046-A1FF-B90DEA78ACD1}.Debug|Any CPU.ActiveCfg = Debug|Any CPU
		{A0F6AC4D-9FE3-4046-A1FF-B90DEA78ACD1}.Debug|Any CPU.Build.0 = Debug|Any CPU
		{A0F6AC4D-9FE3-4046-A1FF-B90DEA78ACD1}.Release|Any CPU.ActiveCfg = Release|Any CPU
		{A0F6AC4D-9FE3-4046-A1FF-B90DEA78ACD1}.Release|Any CPU.Build.0 = Release|Any CPU
		{74314D53-E5B9-44BE-9777-BE283F68B7ED}.Debug|Any CPU.ActiveCfg = Debug|Any CPU
		{74314D53-E5B9-44BE-9777-BE283F68B7ED}.Debug|Any CPU.Build.0 = Debug|Any CPU
		{74314D53-E5B9-44BE-9777-BE283F68B7ED}.Release|Any CPU.ActiveCfg = Release|Any CPU
		{74314D53-E5B9-44BE-9777-BE283F68B7ED}.Release|Any CPU.Build.0 = Release|Any CPU
		{FE372AAF-41C5-4234-BFB9-55E9D91324F4}.Debug|Any CPU.ActiveCfg = Debug|Any CPU
		{FE372AAF-41C5-4234-BFB9-55E9D91324F4}.Debug|Any CPU.Build.0 = Debug|Any CPU
		{FE372AAF-41C5-4234-BFB9-55E9D91324F4}.Release|Any CPU.ActiveCfg = Release|Any CPU
		{FE372AAF-41C5-4234-BFB9-55E9D91324F4}.Release|Any CPU.Build.0 = Release|Any CPU
		{27FA0210-D9C8-4A6D-A7EF-8407A357AEB5}.Debug|Any CPU.ActiveCfg = Debug|Any CPU
		{27FA0210-D9C8-4A6D-A7EF-8407A357AEB5}.Debug|Any CPU.Build.0 = Debug|Any CPU
		{27FA0210-D9C8-4A6D-A7EF-8407A357AEB5}.Release|Any CPU.ActiveCfg = Release|Any CPU
		{27FA0210-D9C8-4A6D-A7EF-8407A357AEB5}.Release|Any CPU.Build.0 = Release|Any CPU
		{72FC8FD8-0299-4301-AB41-AAA73B41F0D3}.Debug|Any CPU.ActiveCfg = Debug|Any CPU
		{72FC8FD8-0299-4301-AB41-AAA73B41F0D3}.Debug|Any CPU.Build.0 = Debug|Any CPU
		{72FC8FD8-0299-4301-AB41-AAA73B41F0D3}.Release|Any CPU.ActiveCfg = Release|Any CPU
		{72FC8FD8-0299-4301-AB41-AAA73B41F0D3}.Release|Any CPU.Build.0 = Release|Any CPU
		{C26A6496-7F2C-445D-8789-2BD2A81A06DB}.Debug|Any CPU.ActiveCfg = Debug|Any CPU
		{C26A6496-7F2C-445D-8789-2BD2A81A06DB}.Debug|Any CPU.Build.0 = Debug|Any CPU
		{C26A6496-7F2C-445D-8789-2BD2A81A06DB}.Release|Any CPU.ActiveCfg = Release|Any CPU
		{C26A6496-7F2C-445D-8789-2BD2A81A06DB}.Release|Any CPU.Build.0 = Release|Any CPU
		{C0917C34-45AA-403B-A7D9-963E8D061094}.Debug|Any CPU.ActiveCfg = Debug|Any CPU
		{C0917C34-45AA-403B-A7D9-963E8D061094}.Debug|Any CPU.Build.0 = Debug|Any CPU
		{C0917C34-45AA-403B-A7D9-963E8D061094}.Release|Any CPU.ActiveCfg = Release|Any CPU
		{C0917C34-45AA-403B-A7D9-963E8D061094}.Release|Any CPU.Build.0 = Release|Any CPU
		{AC05B019-A374-4999-B89D-BDD1F1269396}.Debug|Any CPU.ActiveCfg = Debug|Any CPU
		{AC05B019-A374-4999-B89D-BDD1F1269396}.Debug|Any CPU.Build.0 = Debug|Any CPU
		{AC05B019-A374-4999-B89D-BDD1F1269396}.Release|Any CPU.ActiveCfg = Release|Any CPU
		{AC05B019-A374-4999-B89D-BDD1F1269396}.Release|Any CPU.Build.0 = Release|Any CPU
		{F4D143F9-7596-491C-8C58-BC1FADE85749}.Debug|Any CPU.ActiveCfg = Debug|Any CPU
		{F4D143F9-7596-491C-8C58-BC1FADE85749}.Debug|Any CPU.Build.0 = Debug|Any CPU
		{F4D143F9-7596-491C-8C58-BC1FADE85749}.Release|Any CPU.ActiveCfg = Release|Any CPU
		{F4D143F9-7596-491C-8C58-BC1FADE85749}.Release|Any CPU.Build.0 = Release|Any CPU
		{BB0536F9-5CEF-49EC-855A-D4CAB6439579}.Debug|Any CPU.ActiveCfg = Debug|Any CPU
		{BB0536F9-5CEF-49EC-855A-D4CAB6439579}.Debug|Any CPU.Build.0 = Debug|Any CPU
		{BB0536F9-5CEF-49EC-855A-D4CAB6439579}.Release|Any CPU.ActiveCfg = Release|Any CPU
		{BB0536F9-5CEF-49EC-855A-D4CAB6439579}.Release|Any CPU.Build.0 = Release|Any CPU
		{D59004BD-CE16-4E3C-9BAB-B066B06A9432}.Debug|Any CPU.ActiveCfg = Debug|Any CPU
		{D59004BD-CE16-4E3C-9BAB-B066B06A9432}.Debug|Any CPU.Build.0 = Debug|Any CPU
		{D59004BD-CE16-4E3C-9BAB-B066B06A9432}.Release|Any CPU.ActiveCfg = Release|Any CPU
		{D59004BD-CE16-4E3C-9BAB-B066B06A9432}.Release|Any CPU.Build.0 = Release|Any CPU
		{95BC637B-9CAE-4CA8-90E6-37601355F617}.Debug|Any CPU.ActiveCfg = Debug|Any CPU
		{95BC637B-9CAE-4CA8-90E6-37601355F617}.Debug|Any CPU.Build.0 = Debug|Any CPU
		{95BC637B-9CAE-4CA8-90E6-37601355F617}.Release|Any CPU.ActiveCfg = Release|Any CPU
		{95BC637B-9CAE-4CA8-90E6-37601355F617}.Release|Any CPU.Build.0 = Release|Any CPU
	EndGlobalSection
	GlobalSection(SolutionProperties) = preSolution
		HideSolutionNode = FALSE
	EndGlobalSection
	GlobalSection(NestedProjects) = preSolution
		{6DAEC1E0-317C-40DE-BDB5-8F188A73AE5E} = {51399B1E-8515-447B-A49C-894834286070}
		{0F05169E-9A0D-4BD2-8515-0B2BF5DE268B} = {6DAEC1E0-317C-40DE-BDB5-8F188A73AE5E}
		{3B1F69AE-5534-49AC-A7CD-7E9D3107D72A} = {51399B1E-8515-447B-A49C-894834286070}
		{20E211BE-7494-41FF-B012-1FA207AF6DD6} = {3B1F69AE-5534-49AC-A7CD-7E9D3107D72A}
		{CA756C1D-B6D9-4300-A558-0971ACF8513A} = {51399B1E-8515-447B-A49C-894834286070}
		{A0F6AC4D-9FE3-4046-A1FF-B90DEA78ACD1} = {CA756C1D-B6D9-4300-A558-0971ACF8513A}
		{74314D53-E5B9-44BE-9777-BE283F68B7ED} = {CA756C1D-B6D9-4300-A558-0971ACF8513A}
		{195F1EC9-B1CB-4B8B-96F4-C125FA834A25} = {51399B1E-8515-447B-A49C-894834286070}
		{FE372AAF-41C5-4234-BFB9-55E9D91324F4} = {195F1EC9-B1CB-4B8B-96F4-C125FA834A25}
		{27FA0210-D9C8-4A6D-A7EF-8407A357AEB5} = {195F1EC9-B1CB-4B8B-96F4-C125FA834A25}
		{72FC8FD8-0299-4301-AB41-AAA73B41F0D3} = {195F1EC9-B1CB-4B8B-96F4-C125FA834A25}
		{C26A6496-7F2C-445D-8789-2BD2A81A06DB} = {195F1EC9-B1CB-4B8B-96F4-C125FA834A25}
		{C0917C34-45AA-403B-A7D9-963E8D061094} = {9404B6AD-555F-4B73-BF73-9D1740468203}
		{AC05B019-A374-4999-B89D-BDD1F1269396} = {E2C2FF5B-4AC7-40FC-826E-E8185DD27BDF}
		{F4D143F9-7596-491C-8C58-BC1FADE85749} = {E2C2FF5B-4AC7-40FC-826E-E8185DD27BDF}
		{3AEA690E-F81A-435D-BC3E-058113299382} = {51399B1E-8515-447B-A49C-894834286070}
		{BB0536F9-5CEF-49EC-855A-D4CAB6439579} = {3AEA690E-F81A-435D-BC3E-058113299382}
		{D59004BD-CE16-4E3C-9BAB-B066B06A9432} = {1492DD54-8223-4985-B6DB-8CA6A5839C8F}
		{95BC637B-9CAE-4CA8-90E6-37601355F617} = {9404B6AD-555F-4B73-BF73-9D1740468203}
	EndGlobalSection
	GlobalSection(ExtensibilityGlobals) = postSolution
		SolutionGuid = {53750EF2-8EFA-4883-AEBF-8ED738DE8253}
	EndGlobalSection
EndGlobal
