
Microsoft Visual Studio Solution File, Format Version 12.00
# Visual Studio Version 16
VisualStudioVersion = 16.0.30804.86
MinimumVisualStudioVersion = 10.0.40219.1
Project("{2150E333-8FDC-42A3-9474-1A3956D46DE8}") = "Services", "Services", "{51399B1E-8515-447B-A49C-894834286070}"
EndProject
Project("{2150E333-8FDC-42A3-9474-1A3956D46DE8}") = "Catalog", "Catalog", "{6DAEC1E0-317C-40DE-BDB5-8F188A73AE5E}"
EndProject
Project("{9A19103F-16F7-4668-BE54-9A1E7A4F7556}") = "Catalog.API", "Service\Catalog\Catalog.API\Catalog.API.csproj", "{0F05169E-9A0D-4BD2-8515-0B2BF5DE268B}"
EndProject
Project("{E53339B2-1760-4266-BCC7-CA923CBCF16C}") = "docker-compose", "docker-compose.dcproj", "{762962FD-13A8-488E-9DFD-AABD330F1BCD}"
EndProject
Project("{2150E333-8FDC-42A3-9474-1A3956D46DE8}") = "Basket", "Basket", "{3B1F69AE-5534-49AC-A7CD-7E9D3107D72A}"
EndProject
Project("{9A19103F-16F7-4668-BE54-9A1E7A4F7556}") = "Basket.API", "Service\Basket\Basket.API\Basket.API.csproj", "{20E211BE-7494-41FF-B012-1FA207AF6DD6}"
EndProject
Project("{2150E333-8FDC-42A3-9474-1A3956D46DE8}") = "Discount", "Discount", "{CA756C1D-B6D9-4300-A558-0971ACF8513A}"
EndProject
Project("{9A19103F-16F7-4668-BE54-9A1E7A4F7556}") = "Discount.API", "Service\Discount\Discount.API\Discount.API.csproj", "{A0F6AC4D-9FE3-4046-A1FF-B90DEA78ACD1}"
EndProject
Project("{9A19103F-16F7-4668-BE54-9A1E7A4F7556}") = "Discount.Grpc", "Service\Discount\Discount.Grpc\Discount.Grpc.csproj", "{74314D53-E5B9-44BE-9777-BE283F68B7ED}"
EndProject
Global
	GlobalSection(SolutionConfigurationPlatforms) = preSolution
		Debug|Any CPU = Debug|Any CPU
		Release|Any CPU = Release|Any CPU
	EndGlobalSection
	GlobalSection(ProjectConfigurationPlatforms) = postSolution
		{0F05169E-9A0D-4BD2-8515-0B2BF5DE268B}.Debug|Any CPU.ActiveCfg = Debug|Any CPU
		{0F05169E-9A0D-4BD2-8515-0B2BF5DE268B}.Debug|Any CPU.Build.0 = Debug|Any CPU
		{0F05169E-9A0D-4BD2-8515-0B2BF5DE268B}.Release|Any CPU.ActiveCfg = Release|Any CPU
		{0F05169E-9A0D-4BD2-8515-0B2BF5DE268B}.Release|Any CPU.Build.0 = Release|Any CPU
		{762962FD-13A8-488E-9DFD-AABD330F1BCD}.Debug|Any CPU.ActiveCfg = Debug|Any CPU
		{762962FD-13A8-488E-9DFD-AABD330F1BCD}.Debug|Any CPU.Build.0 = Debug|Any CPU
		{762962FD-13A8-488E-9DFD-AABD330F1BCD}.Release|Any CPU.ActiveCfg = Release|Any CPU
		{762962FD-13A8-488E-9DFD-AABD330F1BCD}.Release|Any CPU.Build.0 = Release|Any CPU
		{20E211BE-7494-41FF-B012-1FA207AF6DD6}.Debug|Any CPU.ActiveCfg = Debug|Any CPU
		{20E211BE-7494-41FF-B012-1FA207AF6DD6}.Debug|Any CPU.Build.0 = Debug|Any CPU
		{20E211BE-7494-41FF-B012-1FA207AF6DD6}.Release|Any CPU.ActiveCfg = Release|Any CPU
		{20E211BE-7494-41FF-B012-1FA207AF6DD6}.Release|Any CPU.Build.0 = Release|Any CPU
		{A0F6AC4D-9FE3-4046-A1FF-B90DEA78ACD1}.Debug|Any CPU.ActiveCfg = Debug|Any CPU
		{A0F6AC4D-9FE3-4046-A1FF-B90DEA78ACD1}.Debug|Any CPU.Build.0 = Debug|Any CPU
		{A0F6AC4D-9FE3-4046-A1FF-B90DEA78ACD1}.Release|Any CPU.ActiveCfg = Release|Any CPU
		{A0F6AC4D-9FE3-4046-A1FF-B90DEA78ACD1}.Release|Any CPU.Build.0 = Release|Any CPU
		{74314D53-E5B9-44BE-9777-BE283F68B7ED}.Debug|Any CPU.ActiveCfg = Debug|Any CPU
		{74314D53-E5B9-44BE-9777-BE283F68B7ED}.Debug|Any CPU.Build.0 = Debug|Any CPU
		{74314D53-E5B9-44BE-9777-BE283F68B7ED}.Release|Any CPU.ActiveCfg = Release|Any CPU
		{74314D53-E5B9-44BE-9777-BE283F68B7ED}.Release|Any CPU.Build.0 = Release|Any CPU
	EndGlobalSection
	GlobalSection(SolutionProperties) = preSolution
		HideSolutionNode = FALSE
	EndGlobalSection
	GlobalSection(NestedProjects) = preSolution
		{6DAEC1E0-317C-40DE-BDB5-8F188A73AE5E} = {51399B1E-8515-447B-A49C-894834286070}
		{0F05169E-9A0D-4BD2-8515-0B2BF5DE268B} = {6DAEC1E0-317C-40DE-BDB5-8F188A73AE5E}
		{3B1F69AE-5534-49AC-A7CD-7E9D3107D72A} = {51399B1E-8515-447B-A49C-894834286070}
		{20E211BE-7494-41FF-B012-1FA207AF6DD6} = {3B1F69AE-5534-49AC-A7CD-7E9D3107D72A}
		{CA756C1D-B6D9-4300-A558-0971ACF8513A} = {51399B1E-8515-447B-A49C-894834286070}
		{A0F6AC4D-9FE3-4046-A1FF-B90DEA78ACD1} = {CA756C1D-B6D9-4300-A558-0971ACF8513A}
		{74314D53-E5B9-44BE-9777-BE283F68B7ED} = {CA756C1D-B6D9-4300-A558-0971ACF8513A}
	EndGlobalSection
	GlobalSection(ExtensibilityGlobals) = postSolution
		SolutionGuid = {53750EF2-8EFA-4883-AEBF-8ED738DE8253}
	EndGlobalSection
EndGlobal
